dependencies:
- name: component
  repository: https://bcgov.github.io/helm-service
  version: 0.2.1
- name: component
  repository: https://bcgov.github.io/helm-service
  version: 0.2.1
- name: component
  repository: https://bcgov.github.io/helm-service
  version: 0.2.1
digest: sha256:83e164ace0dcc34008f0608718a1f3da893291e5a3004021277cedf5fbef5a0f
generated: "2023-11-27T13:43:11.097973844-08:00"
