dependencies:
- name: component
  repository: file:///home/ubuntu/helm-service/charts/component
  version: 0.2.1
- name: component
  repository: file:///home/ubuntu/helm-service/charts/component
  version: 0.2.1
- name: component
  repository: file:///home/ubuntu/helm-service/charts/component
  version: 0.2.1
digest: sha256:a8168cfddeb4adae95412af63856eb0b1330ae8a6c7111aa53c53e827d59e0d5
generated: "2023-11-27T11:19:59.83789883-08:00"
